
Microsoft Visual Studio Solution File, Format Version 12.00
# Visual Studio Version 16
VisualStudioVersion = 16.0.31112.23
MinimumVisualStudioVersion = 10.0.40219.1
Project("{FAE04EC0-301F-11D3-BF4B-00C04F79EFBC}") = "BiggestNumber", "BiggestNumber.csproj", "{0318FAE9-8310-4F78-94E5-BE045B78ABB2}"
EndProject
Global
	GlobalSection(SolutionConfigurationPlatforms) = preSolution
		Debug|Any CPU = Debug|Any CPU
		Release|Any CPU = Release|Any CPU
	EndGlobalSection
	GlobalSection(ProjectConfigurationPlatforms) = postSolution
		{0318FAE9-8310-4F78-94E5-BE045B78ABB2}.Debug|Any CPU.ActiveCfg = Debug|Any CPU
		{0318FAE9-8310-4F78-94E5-BE045B78ABB2}.Debug|Any CPU.Build.0 = Debug|Any CPU
		{0318FAE9-8310-4F78-94E5-BE045B78ABB2}.Release|Any CPU.ActiveCfg = Release|Any CPU
		{0318FAE9-8310-4F78-94E5-BE045B78ABB2}.Release|Any CPU.Build.0 = Release|Any CPU
	EndGlobalSection
	GlobalSection(SolutionProperties) = preSolution
		HideSolutionNode = FALSE
	EndGlobalSection
	GlobalSection(ExtensibilityGlobals) = postSolution
		SolutionGuid = {160880B6-2D75-4A1D-90FA-75B1C3F3EDBC}
	EndGlobalSection
EndGlobal
