
Microsoft Visual Studio Solution File, Format Version 12.00
# Visual Studio Version 16
VisualStudioVersion = 16.0.31112.23
MinimumVisualStudioVersion = 10.0.40219.1
Project("{FAE04EC0-301F-11D3-BF4B-00C04F79EFBC}") = "TwoNumbers", "TwoNumbers.csproj", "{B7B63043-666A-4144-9FC1-242DD953BAE8}"
EndProject
Global
	GlobalSection(SolutionConfigurationPlatforms) = preSolution
		Debug|Any CPU = Debug|Any CPU
		Release|Any CPU = Release|Any CPU
	EndGlobalSection
	GlobalSection(ProjectConfigurationPlatforms) = postSolution
		{B7B63043-666A-4144-9FC1-242DD953BAE8}.Debug|Any CPU.ActiveCfg = Debug|Any CPU
		{B7B63043-666A-4144-9FC1-242DD953BAE8}.Debug|Any CPU.Build.0 = Debug|Any CPU
		{B7B63043-666A-4144-9FC1-242DD953BAE8}.Release|Any CPU.ActiveCfg = Release|Any CPU
		{B7B63043-666A-4144-9FC1-242DD953BAE8}.Release|Any CPU.Build.0 = Release|Any CPU
	EndGlobalSection
	GlobalSection(SolutionProperties) = preSolution
		HideSolutionNode = FALSE
	EndGlobalSection
	GlobalSection(ExtensibilityGlobals) = postSolution
		SolutionGuid = {DB701CE5-C911-4901-ADCF-871CF0EF4854}
	EndGlobalSection
EndGlobal
