
Microsoft Visual Studio Solution File, Format Version 12.00
# Visual Studio Version 16
VisualStudioVersion = 16.0.31112.23
MinimumVisualStudioVersion = 10.0.40219.1
Project("{FAE04EC0-301F-11D3-BF4B-00C04F79EFBC}") = "NameAge", "NameAge.csproj", "{7296BC97-4322-4E2E-AA84-5E9BBC272F7A}"
EndProject
Global
	GlobalSection(SolutionConfigurationPlatforms) = preSolution
		Debug|Any CPU = Debug|Any CPU
		Release|Any CPU = Release|Any CPU
	EndGlobalSection
	GlobalSection(ProjectConfigurationPlatforms) = postSolution
		{7296BC97-4322-4E2E-AA84-5E9BBC272F7A}.Debug|Any CPU.ActiveCfg = Debug|Any CPU
		{7296BC97-4322-4E2E-AA84-5E9BBC272F7A}.Debug|Any CPU.Build.0 = Debug|Any CPU
		{7296BC97-4322-4E2E-AA84-5E9BBC272F7A}.Release|Any CPU.ActiveCfg = Release|Any CPU
		{7296BC97-4322-4E2E-AA84-5E9BBC272F7A}.Release|Any CPU.Build.0 = Release|Any CPU
	EndGlobalSection
	GlobalSection(SolutionProperties) = preSolution
		HideSolutionNode = FALSE
	EndGlobalSection
	GlobalSection(ExtensibilityGlobals) = postSolution
		SolutionGuid = {19225A27-17C3-478B-B243-A991789F5A18}
	EndGlobalSection
EndGlobal
