
Microsoft Visual Studio Solution File, Format Version 12.00
# Visual Studio Version 16
VisualStudioVersion = 16.0.31112.23
MinimumVisualStudioVersion = 10.0.40219.1
Project("{FAE04EC0-301F-11D3-BF4B-00C04F79EFBC}") = "HelloWorld", "HelloWorld.csproj", "{F29C72C4-306E-4B4B-BF3A-F619083A3F63}"
EndProject
Global
	GlobalSection(SolutionConfigurationPlatforms) = preSolution
		Debug|Any CPU = Debug|Any CPU
		Release|Any CPU = Release|Any CPU
	EndGlobalSection
	GlobalSection(ProjectConfigurationPlatforms) = postSolution
		{F29C72C4-306E-4B4B-BF3A-F619083A3F63}.Debug|Any CPU.ActiveCfg = Debug|Any CPU
		{F29C72C4-306E-4B4B-BF3A-F619083A3F63}.Debug|Any CPU.Build.0 = Debug|Any CPU
		{F29C72C4-306E-4B4B-BF3A-F619083A3F63}.Release|Any CPU.ActiveCfg = Release|Any CPU
		{F29C72C4-306E-4B4B-BF3A-F619083A3F63}.Release|Any CPU.Build.0 = Release|Any CPU
	EndGlobalSection
	GlobalSection(SolutionProperties) = preSolution
		HideSolutionNode = FALSE
	EndGlobalSection
	GlobalSection(ExtensibilityGlobals) = postSolution
		SolutionGuid = {0E3C0B7A-10AC-495F-A021-6DC16D522377}
	EndGlobalSection
EndGlobal
